// !$*UTF8*$!
{
	archiveVersion = 1;
	classes = {
	};
	objectVersion = 60;
	objects = {

/* Begin PBXBuildFile section */
		498D2F9029E608870018B750 /* Hud.swift in Sources */ = {isa = PBXBuildFile; fileRef = 498D2F8F29E608870018B750 /* Hud.swift */; };
		498D2FA829E9D34E0018B750 /* DodgeMain.swift in Sources */ = {isa = PBXBuildFile; fileRef = 498D2FA729E9D34E0018B750 /* DodgeMain.swift */; };
		498D2FAA29E9D49A0018B750 /* Player.swift in Sources */ = {isa = PBXBuildFile; fileRef = 498D2FA929E9D49A0018B750 /* Player.swift */; };
		498D2FAC29E9D9AC0018B750 /* Mob.swift in Sources */ = {isa = PBXBuildFile; fileRef = 498D2FAB29E9D9AC0018B750 /* Mob.swift */; };
		499BC4782AA2714F00498D74 /* SwiftGodot in Frameworks */ = {isa = PBXBuildFile; productRef = 499BC4772AA2714F00498D74 /* SwiftGodot */; };
		49AC9FA429D907B400CE0C91 /* main.swift in Sources */ = {isa = PBXBuildFile; fileRef = 49AC9FA329D907B400CE0C91 /* main.swift */; };
		49AC9FB429D9093500CE0C91 /* SwiftGodot in Embed Frameworks */ = {isa = PBXBuildFile; productRef = 49AC9FB129D9093500CE0C91 /* SwiftGodot */; settings = {ATTRIBUTES = (CodeSignOnCopy, ); }; };
		49AC9FD229D921B900CE0C91 /* Embed.swift in Sources */ = {isa = PBXBuildFile; fileRef = 49AC9FD129D921B900CE0C91 /* Embed.swift */; };
		49AC9FDA29D9B92E00CE0C91 /* libgodot.xcframework in Frameworks */ = {isa = PBXBuildFile; fileRef = 49AC9FD929D9B92E00CE0C91 /* libgodot.xcframework */; };
/* End PBXBuildFile section */

/* Begin PBXCopyFilesBuildPhase section */
		49AC9F9E29D907B400CE0C91 /* CopyFiles */ = {
			isa = PBXCopyFilesBuildPhase;
			buildActionMask = 2147483647;
			dstPath = /usr/share/man/man1/;
			dstSubfolderSpec = 0;
			files = (
			);
			runOnlyForDeploymentPostprocessing = 1;
		};
		49AC9FB329D9093500CE0C91 /* Embed Frameworks */ = {
			isa = PBXCopyFilesBuildPhase;
			buildActionMask = 2147483647;
			dstPath = "";
			dstSubfolderSpec = 10;
			files = (
				49AC9FB429D9093500CE0C91 /* SwiftGodot in Embed Frameworks */,
			);
			name = "Embed Frameworks";
			runOnlyForDeploymentPostprocessing = 0;
		};
/* End PBXCopyFilesBuildPhase section */

/* Begin PBXFileReference section */
		49008AB32A1285C200F2B874 /* SwiftGodot */ = {isa = PBXFileReference; lastKnownFileType = wrapper; name = SwiftGodot; path = ../SwiftGodot; sourceTree = "<group>"; };
		498D2F8F29E608870018B750 /* Hud.swift */ = {isa = PBXFileReference; lastKnownFileType = sourcecode.swift; path = Hud.swift; sourceTree = "<group>"; };
		498D2FA729E9D34E0018B750 /* DodgeMain.swift */ = {isa = PBXFileReference; lastKnownFileType = sourcecode.swift; path = DodgeMain.swift; sourceTree = "<group>"; };
		498D2FA929E9D49A0018B750 /* Player.swift */ = {isa = PBXFileReference; lastKnownFileType = sourcecode.swift; path = Player.swift; sourceTree = "<group>"; };
		498D2FAB29E9D9AC0018B750 /* Mob.swift */ = {isa = PBXFileReference; lastKnownFileType = sourcecode.swift; path = Mob.swift; sourceTree = "<group>"; };
		49AC9FA029D907B400CE0C91 /* SwiftGodotKit */ = {isa = PBXFileReference; explicitFileType = "compiled.mach-o.executable"; includeInIndex = 0; path = SwiftGodotKit; sourceTree = BUILT_PRODUCTS_DIR; };
		49AC9FA329D907B400CE0C91 /* main.swift */ = {isa = PBXFileReference; lastKnownFileType = sourcecode.swift; path = main.swift; sourceTree = "<group>"; };
		49AC9FD129D921B900CE0C91 /* Embed.swift */ = {isa = PBXFileReference; lastKnownFileType = sourcecode.swift; path = Embed.swift; sourceTree = "<group>"; };
		49AC9FD929D9B92E00CE0C91 /* libgodot.xcframework */ = {isa = PBXFileReference; lastKnownFileType = wrapper.xcframework; name = libgodot.xcframework; path = ../SwiftGodot/libgodot.xcframework; sourceTree = "<group>"; };
		49AEAA8A29E8552B008D6D6B /* SwiftGodotKit.entitlements */ = {isa = PBXFileReference; lastKnownFileType = text.plist.entitlements; path = SwiftGodotKit.entitlements; sourceTree = "<group>"; };
/* End PBXFileReference section */

/* Begin PBXFrameworksBuildPhase section */
		49AC9F9D29D907B400CE0C91 /* Frameworks */ = {
			isa = PBXFrameworksBuildPhase;
			buildActionMask = 2147483647;
			files = (
				499BC4782AA2714F00498D74 /* SwiftGodot in Frameworks */,
				49AC9FDA29D9B92E00CE0C91 /* libgodot.xcframework in Frameworks */,
			);
			runOnlyForDeploymentPostprocessing = 0;
		};
/* End PBXFrameworksBuildPhase section */

/* Begin PBXGroup section */
		498D2F8E29E6087D0018B750 /* Examples */ = {
			isa = PBXGroup;
			children = (
				498D2F8F29E608870018B750 /* Hud.swift */,
				498D2FA729E9D34E0018B750 /* DodgeMain.swift */,
				498D2FA929E9D49A0018B750 /* Player.swift */,
				498D2FAB29E9D9AC0018B750 /* Mob.swift */,
			);
			path = Examples;
			sourceTree = "<group>";
		};
		49AC9F9729D907B400CE0C91 = {
			isa = PBXGroup;
			children = (
				49AC9FAA29D907CF00CE0C91 /* Packages */,
				49AC9FA229D907B400CE0C91 /* SwiftGodotKit */,
				49AC9FA129D907B400CE0C91 /* Products */,
				49AC9FB029D9093500CE0C91 /* Frameworks */,
			);
			sourceTree = "<group>";
		};
		49AC9FA129D907B400CE0C91 /* Products */ = {
			isa = PBXGroup;
			children = (
				49AC9FA029D907B400CE0C91 /* SwiftGodotKit */,
			);
			name = Products;
			sourceTree = "<group>";
		};
		49AC9FA229D907B400CE0C91 /* SwiftGodotKit */ = {
			isa = PBXGroup;
			children = (
				49AEAA8A29E8552B008D6D6B /* SwiftGodotKit.entitlements */,
				498D2F8E29E6087D0018B750 /* Examples */,
				49AC9FA329D907B400CE0C91 /* main.swift */,
				49AC9FD129D921B900CE0C91 /* Embed.swift */,
			);
			path = SwiftGodotKit;
			sourceTree = "<group>";
		};
		49AC9FAA29D907CF00CE0C91 /* Packages */ = {
			isa = PBXGroup;
			children = (
				49008AB32A1285C200F2B874 /* SwiftGodot */,
			);
			name = Packages;
			sourceTree = "<group>";
		};
		49AC9FB029D9093500CE0C91 /* Frameworks */ = {
			isa = PBXGroup;
			children = (
				49AC9FD929D9B92E00CE0C91 /* libgodot.xcframework */,
			);
			name = Frameworks;
			sourceTree = "<group>";
		};
/* End PBXGroup section */

/* Begin PBXNativeTarget section */
		49AC9F9F29D907B400CE0C91 /* SwiftGodotKit */ = {
			isa = PBXNativeTarget;
			buildConfigurationList = 49AC9FA729D907B400CE0C91 /* Build configuration list for PBXNativeTarget "SwiftGodotKit" */;
			buildPhases = (
				49AC9F9C29D907B400CE0C91 /* Sources */,
				49AC9F9D29D907B400CE0C91 /* Frameworks */,
				49AC9F9E29D907B400CE0C91 /* CopyFiles */,
				49AC9FB329D9093500CE0C91 /* Embed Frameworks */,
			);
			buildRules = (
			);
			dependencies = (
			);
			name = SwiftGodotKit;
			packageProductDependencies = (
				49AC9FB129D9093500CE0C91 /* SwiftGodot */,
				499BC4772AA2714F00498D74 /* SwiftGodot */,
			);
			productName = SwiftGodotKit;
			productReference = 49AC9FA029D907B400CE0C91 /* SwiftGodotKit */;
			productType = "com.apple.product-type.tool";
		};
/* End PBXNativeTarget section */

/* Begin PBXProject section */
		49AC9F9829D907B400CE0C91 /* Project object */ = {
			isa = PBXProject;
			attributes = {
				BuildIndependentTargetsInParallel = 1;
				LastSwiftUpdateCheck = 1430;
				LastUpgradeCheck = 1430;
				TargetAttributes = {
					49AC9F9F29D907B400CE0C91 = {
						CreatedOnToolsVersion = 14.3;
					};
				};
			};
			buildConfigurationList = 49AC9F9B29D907B400CE0C91 /* Build configuration list for PBXProject "SwiftGodotKit" */;
			compatibilityVersion = "Xcode 14.0";
			developmentRegion = en;
			hasScannedForEncodings = 0;
			knownRegions = (
				en,
				Base,
			);
			mainGroup = 49AC9F9729D907B400CE0C91;
			packageReferences = (
				499BC4762AA2714F00498D74 /* XCLocalSwiftPackageReference "../SwiftGodot" */,
			);
			productRefGroup = 49AC9FA129D907B400CE0C91 /* Products */;
			projectDirPath = "";
			projectRoot = "";
			targets = (
				49AC9F9F29D907B400CE0C91 /* SwiftGodotKit */,
			);
		};
/* End PBXProject section */

/* Begin PBXSourcesBuildPhase section */
		49AC9F9C29D907B400CE0C91 /* Sources */ = {
			isa = PBXSourcesBuildPhase;
			buildActionMask = 2147483647;
			files = (
				498D2FAC29E9D9AC0018B750 /* Mob.swift in Sources */,
				49AC9FA429D907B400CE0C91 /* main.swift in Sources */,
				49AC9FD229D921B900CE0C91 /* Embed.swift in Sources */,
				498D2FA829E9D34E0018B750 /* DodgeMain.swift in Sources */,
				498D2FAA29E9D49A0018B750 /* Player.swift in Sources */,
				498D2F9029E608870018B750 /* Hud.swift in Sources */,
			);
			runOnlyForDeploymentPostprocessing = 0;
		};
/* End PBXSourcesBuildPhase section */

/* Begin XCBuildConfiguration section */
		49AC9FA529D907B400CE0C91 /* Debug */ = {
			isa = XCBuildConfiguration;
			buildSettings = {
				ALWAYS_SEARCH_USER_PATHS = NO;
				CLANG_ANALYZER_NONNULL = YES;
				CLANG_ANALYZER_NUMBER_OBJECT_CONVERSION = YES_AGGRESSIVE;
				CLANG_CXX_LANGUAGE_STANDARD = "gnu++20";
				CLANG_ENABLE_MODULES = YES;
				CLANG_ENABLE_OBJC_ARC = YES;
				CLANG_ENABLE_OBJC_WEAK = YES;
				CLANG_WARN_BLOCK_CAPTURE_AUTORELEASING = YES;
				CLANG_WARN_BOOL_CONVERSION = YES;
				CLANG_WARN_COMMA = YES;
				CLANG_WARN_CONSTANT_CONVERSION = YES;
				CLANG_WARN_DEPRECATED_OBJC_IMPLEMENTATIONS = YES;
				CLANG_WARN_DIRECT_OBJC_ISA_USAGE = YES_ERROR;
				CLANG_WARN_DOCUMENTATION_COMMENTS = YES;
				CLANG_WARN_EMPTY_BODY = YES;
				CLANG_WARN_ENUM_CONVERSION = YES;
				CLANG_WARN_INFINITE_RECURSION = YES;
				CLANG_WARN_INT_CONVERSION = YES;
				CLANG_WARN_NON_LITERAL_NULL_CONVERSION = YES;
				CLANG_WARN_OBJC_IMPLICIT_RETAIN_SELF = YES;
				CLANG_WARN_OBJC_LITERAL_CONVERSION = YES;
				CLANG_WARN_OBJC_ROOT_CLASS = YES_ERROR;
				CLANG_WARN_QUOTED_INCLUDE_IN_FRAMEWORK_HEADER = YES;
				CLANG_WARN_RANGE_LOOP_ANALYSIS = YES;
				CLANG_WARN_STRICT_PROTOTYPES = YES;
				CLANG_WARN_SUSPICIOUS_MOVE = YES;
				CLANG_WARN_UNGUARDED_AVAILABILITY = YES_AGGRESSIVE;
				CLANG_WARN_UNREACHABLE_CODE = YES;
				CLANG_WARN__DUPLICATE_METHOD_MATCH = YES;
				COPY_PHASE_STRIP = NO;
				DEBUG_INFORMATION_FORMAT = dwarf;
				ENABLE_STRICT_OBJC_MSGSEND = YES;
				ENABLE_TESTABILITY = YES;
				GCC_C_LANGUAGE_STANDARD = gnu11;
				GCC_DYNAMIC_NO_PIC = NO;
				GCC_NO_COMMON_BLOCKS = YES;
				GCC_OPTIMIZATION_LEVEL = 0;
				GCC_PREPROCESSOR_DEFINITIONS = (
					"DEBUG=1",
					"$(inherited)",
				);
				GCC_WARN_64_TO_32_BIT_CONVERSION = YES;
				GCC_WARN_ABOUT_RETURN_TYPE = YES_ERROR;
				GCC_WARN_UNDECLARED_SELECTOR = YES;
				GCC_WARN_UNINITIALIZED_AUTOS = YES_AGGRESSIVE;
				GCC_WARN_UNUSED_FUNCTION = YES;
				GCC_WARN_UNUSED_VARIABLE = YES;
				MACOSX_DEPLOYMENT_TARGET = 13.3;
				MTL_ENABLE_DEBUG_INFO = INCLUDE_SOURCE;
				MTL_FAST_MATH = YES;
				ONLY_ACTIVE_ARCH = YES;
				SDKROOT = macosx;
				SWIFT_ACTIVE_COMPILATION_CONDITIONS = DEBUG;
				SWIFT_OPTIMIZATION_LEVEL = "-Onone";
			};
			name = Debug;
		};
		49AC9FA629D907B400CE0C91 /* Release */ = {
			isa = XCBuildConfiguration;
			buildSettings = {
				ALWAYS_SEARCH_USER_PATHS = NO;
				CLANG_ANALYZER_NONNULL = YES;
				CLANG_ANALYZER_NUMBER_OBJECT_CONVERSION = YES_AGGRESSIVE;
				CLANG_CXX_LANGUAGE_STANDARD = "gnu++20";
				CLANG_ENABLE_MODULES = YES;
				CLANG_ENABLE_OBJC_ARC = YES;
				CLANG_ENABLE_OBJC_WEAK = YES;
				CLANG_WARN_BLOCK_CAPTURE_AUTORELEASING = YES;
				CLANG_WARN_BOOL_CONVERSION = YES;
				CLANG_WARN_COMMA = YES;
				CLANG_WARN_CONSTANT_CONVERSION = YES;
				CLANG_WARN_DEPRECATED_OBJC_IMPLEMENTATIONS = YES;
				CLANG_WARN_DIRECT_OBJC_ISA_USAGE = YES_ERROR;
				CLANG_WARN_DOCUMENTATION_COMMENTS = YES;
				CLANG_WARN_EMPTY_BODY = YES;
				CLANG_WARN_ENUM_CONVERSION = YES;
				CLANG_WARN_INFINITE_RECURSION = YES;
				CLANG_WARN_INT_CONVERSION = YES;
				CLANG_WARN_NON_LITERAL_NULL_CONVERSION = YES;
				CLANG_WARN_OBJC_IMPLICIT_RETAIN_SELF = YES;
				CLANG_WARN_OBJC_LITERAL_CONVERSION = YES;
				CLANG_WARN_OBJC_ROOT_CLASS = YES_ERROR;
				CLANG_WARN_QUOTED_INCLUDE_IN_FRAMEWORK_HEADER = YES;
				CLANG_WARN_RANGE_LOOP_ANALYSIS = YES;
				CLANG_WARN_STRICT_PROTOTYPES = YES;
				CLANG_WARN_SUSPICIOUS_MOVE = YES;
				CLANG_WARN_UNGUARDED_AVAILABILITY = YES_AGGRESSIVE;
				CLANG_WARN_UNREACHABLE_CODE = YES;
				CLANG_WARN__DUPLICATE_METHOD_MATCH = YES;
				COPY_PHASE_STRIP = NO;
				DEBUG_INFORMATION_FORMAT = "dwarf-with-dsym";
				ENABLE_NS_ASSERTIONS = NO;
				ENABLE_STRICT_OBJC_MSGSEND = YES;
				GCC_C_LANGUAGE_STANDARD = gnu11;
				GCC_NO_COMMON_BLOCKS = YES;
				GCC_WARN_64_TO_32_BIT_CONVERSION = YES;
				GCC_WARN_ABOUT_RETURN_TYPE = YES_ERROR;
				GCC_WARN_UNDECLARED_SELECTOR = YES;
				GCC_WARN_UNINITIALIZED_AUTOS = YES_AGGRESSIVE;
				GCC_WARN_UNUSED_FUNCTION = YES;
				GCC_WARN_UNUSED_VARIABLE = YES;
				MACOSX_DEPLOYMENT_TARGET = 13.3;
				MTL_ENABLE_DEBUG_INFO = NO;
				MTL_FAST_MATH = YES;
				SDKROOT = macosx;
				SWIFT_COMPILATION_MODE = wholemodule;
				SWIFT_OPTIMIZATION_LEVEL = "-O";
			};
			name = Release;
		};
		49AC9FA829D907B400CE0C91 /* Debug */ = {
			isa = XCBuildConfiguration;
			buildSettings = {
				CODE_SIGN_ENTITLEMENTS = SwiftGodotKit/SwiftGodotKit.entitlements;
				CODE_SIGN_STYLE = Automatic;
				DEVELOPMENT_TEAM = PJQC57N853;
				ENABLE_HARDENED_RUNTIME = NO;
				MACOSX_DEPLOYMENT_TARGET = 13.1;
				PRODUCT_NAME = "$(TARGET_NAME)";
				SWIFT_VERSION = 5.0;
			};
			name = Debug;
		};
		49AC9FA929D907B400CE0C91 /* Release */ = {
			isa = XCBuildConfiguration;
			buildSettings = {
				CODE_SIGN_ENTITLEMENTS = SwiftGodotKit/SwiftGodotKit.entitlements;
				CODE_SIGN_STYLE = Automatic;
				DEVELOPMENT_TEAM = PJQC57N853;
				ENABLE_HARDENED_RUNTIME = NO;
				MACOSX_DEPLOYMENT_TARGET = 13.1;
				PRODUCT_NAME = "$(TARGET_NAME)";
				SWIFT_VERSION = 5.0;
			};
			name = Release;
		};
/* End XCBuildConfiguration section */

/* Begin XCConfigurationList section */
		49AC9F9B29D907B400CE0C91 /* Build configuration list for PBXProject "SwiftGodotKit" */ = {
			isa = XCConfigurationList;
			buildConfigurations = (
				49AC9FA529D907B400CE0C91 /* Debug */,
				49AC9FA629D907B400CE0C91 /* Release */,
			);
			defaultConfigurationIsVisible = 0;
			defaultConfigurationName = Release;
		};
		49AC9FA729D907B400CE0C91 /* Build configuration list for PBXNativeTarget "SwiftGodotKit" */ = {
			isa = XCConfigurationList;
			buildConfigurations = (
				49AC9FA829D907B400CE0C91 /* Debug */,
				49AC9FA929D907B400CE0C91 /* Release */,
			);
			defaultConfigurationIsVisible = 0;
			defaultConfigurationName = Release;
		};
/* End XCConfigurationList section */

/* Begin XCLocalSwiftPackageReference section */
		499BC4762AA2714F00498D74 /* XCLocalSwiftPackageReference "../SwiftGodot" */ = {
			isa = XCLocalSwiftPackageReference;
			relativePath = ../SwiftGodot;
		};
/* End XCLocalSwiftPackageReference section */

/* Begin XCSwiftPackageProductDependency section */
		499BC4772AA2714F00498D74 /* SwiftGodot */ = {
			isa = XCSwiftPackageProductDependency;
			productName = SwiftGodot;
		};
		49AC9FB129D9093500CE0C91 /* SwiftGodot */ = {
			isa = XCSwiftPackageProductDependency;
			productName = SwiftGodot;
		};
/* End XCSwiftPackageProductDependency section */
	};
	rootObject = 49AC9F9829D907B400CE0C91 /* Project object */;
}
